
Microsoft Visual Studio Solution File, Format Version 12.00
Project("{FAE04EC0-301F-11D3-BF4B-00C04F79EFBC}") = "ConsoleApp1", "ConsoleApp1\ConsoleApp1.csproj", "{CFC2DF5B-DDAF-462A-8B9B-01F26E875EDA}"
EndProject
Global
	GlobalSection(SolutionConfigurationPlatforms) = preSolution
		Debug|Any CPU = Debug|Any CPU
		Release|Any CPU = Release|Any CPU
	EndGlobalSection
	GlobalSection(ProjectConfigurationPlatforms) = postSolution
		{CFC2DF5B-DDAF-462A-8B9B-01F26E875EDA}.Debug|Any CPU.ActiveCfg = Debug|Any CPU
		{CFC2DF5B-DDAF-462A-8B9B-01F26E875EDA}.Debug|Any CPU.Build.0 = Debug|Any CPU
		{CFC2DF5B-DDAF-462A-8B9B-01F26E875EDA}.Release|Any CPU.ActiveCfg = Release|Any CPU
		{CFC2DF5B-DDAF-462A-8B9B-01F26E875EDA}.Release|Any CPU.Build.0 = Release|Any CPU
	EndGlobalSection
EndGlobal
